// !$*UTF8*$!
{
	archiveVersion = 1;
	classes = {
	};
	objectVersion = 46;
	objects = {

/* Begin PBXBuildFile section */
		2ADC0FC319F53F10000EABD1 /* AppDelegate.swift in Sources */ = {isa = PBXBuildFile; fileRef = 2ADC0FC219F53F10000EABD1 /* AppDelegate.swift */; };
		2ADC0FC519F53F10000EABD1 /* ViewController.swift in Sources */ = {isa = PBXBuildFile; fileRef = 2ADC0FC419F53F10000EABD1 /* ViewController.swift */; };
		2ADC0FC819F53F10000EABD1 /* Main.storyboard in Resources */ = {isa = PBXBuildFile; fileRef = 2ADC0FC619F53F10000EABD1 /* Main.storyboard */; };
		2ADC0FCA19F53F10000EABD1 /* Images.xcassets in Resources */ = {isa = PBXBuildFile; fileRef = 2ADC0FC919F53F10000EABD1 /* Images.xcassets */; };
		2ADC0FCD19F53F10000EABD1 /* LaunchScreen.xib in Resources */ = {isa = PBXBuildFile; fileRef = 2ADC0FCB19F53F10000EABD1 /* LaunchScreen.xib */; };
		2ADC0FD919F53F10000EABD1 /* PostCardTests.swift in Sources */ = {isa = PBXBuildFile; fileRef = 2ADC0FD819F53F10000EABD1 /* PostCardTests.swift */; };
		2ADC0FE519F54A6B000EABD1 /* SagradaFamilia.jpg in Resources */ = {isa = PBXBuildFile; fileRef = 2ADC0FE419F54A6B000EABD1 /* SagradaFamilia.jpg */; };
		2ADC0FE719F5504B000EABD1 /* AlbertEinsteinStamp.jpg in Resources */ = {isa = PBXBuildFile; fileRef = 2ADC0FE619F5504B000EABD1 /* AlbertEinsteinStamp.jpg */; };
/* End PBXBuildFile section */

/* Begin PBXContainerItemProxy section */
		2ADC0FD319F53F10000EABD1 /* PBXContainerItemProxy */ = {
			isa = PBXContainerItemProxy;
			containerPortal = 2ADC0FB519F53F10000EABD1 /* Project object */;
			proxyType = 1;
			remoteGlobalIDString = 2ADC0FBC19F53F10000EABD1;
			remoteInfo = PostCard;
		};
/* End PBXContainerItemProxy section */

/* Begin PBXFileReference section */
		2ADC0FBD19F53F10000EABD1 /* PostCard.app */ = {isa = PBXFileReference; explicitFileType = wrapper.application; includeInIndex = 0; path = PostCard.app; sourceTree = BUILT_PRODUCTS_DIR; };
		2ADC0FC119F53F10000EABD1 /* Info.plist */ = {isa = PBXFileReference; lastKnownFileType = text.plist.xml; path = Info.plist; sourceTree = "<group>"; };
		2ADC0FC219F53F10000EABD1 /* AppDelegate.swift */ = {isa = PBXFileReference; lastKnownFileType = sourcecode.swift; path = AppDelegate.swift; sourceTree = "<group>"; };
		2ADC0FC419F53F10000EABD1 /* ViewController.swift */ = {isa = PBXFileReference; lastKnownFileType = sourcecode.swift; path = ViewController.swift; sourceTree = "<group>"; };
		2ADC0FC719F53F10000EABD1 /* Base */ = {isa = PBXFileReference; lastKnownFileType = file.storyboard; name = Base; path = Base.lproj/Main.storyboard; sourceTree = "<group>"; };
		2ADC0FC919F53F10000EABD1 /* Images.xcassets */ = {isa = PBXFileReference; lastKnownFileType = folder.assetcatalog; path = Images.xcassets; sourceTree = "<group>"; };
		2ADC0FCC19F53F10000EABD1 /* Base */ = {isa = PBXFileReference; lastKnownFileType = file.xib; name = Base; path = Base.lproj/LaunchScreen.xib; sourceTree = "<group>"; };
		2ADC0FD219F53F10000EABD1 /* PostCardTests.xctest */ = {isa = PBXFileReference; explicitFileType = wrapper.cfbundle; includeInIndex = 0; path = PostCardTests.xctest; sourceTree = BUILT_PRODUCTS_DIR; };
		2ADC0FD719F53F10000EABD1 /* Info.plist */ = {isa = PBXFileReference; lastKnownFileType = text.plist.xml; path = Info.plist; sourceTree = "<group>"; };
		2ADC0FD819F53F10000EABD1 /* PostCardTests.swift */ = {isa = PBXFileReference; lastKnownFileType = sourcecode.swift; path = PostCardTests.swift; sourceTree = "<group>"; };
		2ADC0FE419F54A6B000EABD1 /* SagradaFamilia.jpg */ = {isa = PBXFileReference; lastKnownFileType = image.jpeg; path = SagradaFamilia.jpg; sourceTree = "<group>"; };
		2ADC0FE619F5504B000EABD1 /* AlbertEinsteinStamp.jpg */ = {isa = PBXFileReference; lastKnownFileType = image.jpeg; path = AlbertEinsteinStamp.jpg; sourceTree = "<group>"; };
/* End PBXFileReference section */

/* Begin PBXFrameworksBuildPhase section */
		2ADC0FBA19F53F10000EABD1 /* Frameworks */ = {
			isa = PBXFrameworksBuildPhase;
			buildActionMask = 2147483647;
			files = (
			);
			runOnlyForDeploymentPostprocessing = 0;
		};
		2ADC0FCF19F53F10000EABD1 /* Frameworks */ = {
			isa = PBXFrameworksBuildPhase;
			buildActionMask = 2147483647;
			files = (
			);
			runOnlyForDeploymentPostprocessing = 0;
		};
/* End PBXFrameworksBuildPhase section */

/* Begin PBXGroup section */
		2ADC0FB419F53F10000EABD1 = {
			isa = PBXGroup;
			children = (
				2ADC0FBF19F53F10000EABD1 /* PostCard */,
				2ADC0FD519F53F10000EABD1 /* PostCardTests */,
				2ADC0FBE19F53F10000EABD1 /* Products */,
			);
			sourceTree = "<group>";
		};
		2ADC0FBE19F53F10000EABD1 /* Products */ = {
			isa = PBXGroup;
			children = (
				2ADC0FBD19F53F10000EABD1 /* PostCard.app */,
				2ADC0FD219F53F10000EABD1 /* PostCardTests.xctest */,
			);
			name = Products;
			sourceTree = "<group>";
		};
		2ADC0FBF19F53F10000EABD1 /* PostCard */ = {
			isa = PBXGroup;
			children = (
				2ADC0FC219F53F10000EABD1 /* AppDelegate.swift */,
				2ADC0FC419F53F10000EABD1 /* ViewController.swift */,
				2ADC0FC619F53F10000EABD1 /* Main.storyboard */,
				2ADC0FC919F53F10000EABD1 /* Images.xcassets */,
				2ADC0FCB19F53F10000EABD1 /* LaunchScreen.xib */,
				2ADC0FC019F53F10000EABD1 /* Supporting Files */,
			);
			path = PostCard;
			sourceTree = "<group>";
		};
		2ADC0FC019F53F10000EABD1 /* Supporting Files */ = {
			isa = PBXGroup;
			children = (
				2ADC0FE419F54A6B000EABD1 /* SagradaFamilia.jpg */,
				2ADC0FE619F5504B000EABD1 /* AlbertEinsteinStamp.jpg */,
				2ADC0FC119F53F10000EABD1 /* Info.plist */,
			);
			name = "Supporting Files";
			sourceTree = "<group>";
		};
		2ADC0FD519F53F10000EABD1 /* PostCardTests */ = {
			isa = PBXGroup;
			children = (
				2ADC0FD819F53F10000EABD1 /* PostCardTests.swift */,
				2ADC0FD619F53F10000EABD1 /* Supporting Files */,
			);
			path = PostCardTests;
			sourceTree = "<group>";
		};
		2ADC0FD619F53F10000EABD1 /* Supporting Files */ = {
			isa = PBXGroup;
			children = (
				2ADC0FD719F53F10000EABD1 /* Info.plist */,
			);
			name = "Supporting Files";
			sourceTree = "<group>";
		};
/* End PBXGroup section */

/* Begin PBXNativeTarget section */
		2ADC0FBC19F53F10000EABD1 /* PostCard */ = {
			isa = PBXNativeTarget;
			buildConfigurationList = 2ADC0FDC19F53F11000EABD1 /* Build configuration list for PBXNativeTarget "PostCard" */;
			buildPhases = (
				2ADC0FB919F53F10000EABD1 /* Sources */,
				2ADC0FBA19F53F10000EABD1 /* Frameworks */,
				2ADC0FBB19F53F10000EABD1 /* Resources */,
			);
			buildRules = (
			);
			dependencies = (
			);
			name = PostCard;
			productName = PostCard;
			productReference = 2ADC0FBD19F53F10000EABD1 /* PostCard.app */;
			productType = "com.apple.product-type.application";
		};
		2ADC0FD119F53F10000EABD1 /* PostCardTests */ = {
			isa = PBXNativeTarget;
			buildConfigurationList = 2ADC0FDF19F53F11000EABD1 /* Build configuration list for PBXNativeTarget "PostCardTests" */;
			buildPhases = (
				2ADC0FCE19F53F10000EABD1 /* Sources */,
				2ADC0FCF19F53F10000EABD1 /* Frameworks */,
				2ADC0FD019F53F10000EABD1 /* Resources */,
			);
			buildRules = (
			);
			dependencies = (
				2ADC0FD419F53F10000EABD1 /* PBXTargetDependency */,
			);
			name = PostCardTests;
			productName = PostCardTests;
			productReference = 2ADC0FD219F53F10000EABD1 /* PostCardTests.xctest */;
			productType = "com.apple.product-type.bundle.unit-test";
		};
/* End PBXNativeTarget section */

/* Begin PBXProject section */
		2ADC0FB519F53F10000EABD1 /* Project object */ = {
			isa = PBXProject;
			attributes = {
				LastUpgradeCheck = 0600;
				ORGANIZATIONNAME = ProjectDGW;
				TargetAttributes = {
					2ADC0FBC19F53F10000EABD1 = {
						CreatedOnToolsVersion = 6.0.1;
					};
					2ADC0FD119F53F10000EABD1 = {
						CreatedOnToolsVersion = 6.0.1;
						TestTargetID = 2ADC0FBC19F53F10000EABD1;
					};
				};
			};
			buildConfigurationList = 2ADC0FB819F53F10000EABD1 /* Build configuration list for PBXProject "PostCard" */;
			compatibilityVersion = "Xcode 3.2";
			developmentRegion = English;
			hasScannedForEncodings = 0;
			knownRegions = (
				en,
				Base,
			);
			mainGroup = 2ADC0FB419F53F10000EABD1;
			productRefGroup = 2ADC0FBE19F53F10000EABD1 /* Products */;
			projectDirPath = "";
			projectRoot = "";
			targets = (
				2ADC0FBC19F53F10000EABD1 /* PostCard */,
				2ADC0FD119F53F10000EABD1 /* PostCardTests */,
			);
		};
/* End PBXProject section */

/* Begin PBXResourcesBuildPhase section */
		2ADC0FBB19F53F10000EABD1 /* Resources */ = {
			isa = PBXResourcesBuildPhase;
			buildActionMask = 2147483647;
			files = (
				2ADC0FC819F53F10000EABD1 /* Main.storyboard in Resources */,
				2ADC0FCD19F53F10000EABD1 /* LaunchScreen.xib in Resources */,
				2ADC0FE719F5504B000EABD1 /* AlbertEinsteinStamp.jpg in Resources */,
				2ADC0FE519F54A6B000EABD1 /* SagradaFamilia.jpg in Resources */,
				2ADC0FCA19F53F10000EABD1 /* Images.xcassets in Resources */,
			);
			runOnlyForDeploymentPostprocessing = 0;
		};
		2ADC0FD019F53F10000EABD1 /* Resources */ = {
			isa = PBXResourcesBuildPhase;
			buildActionMask = 2147483647;
			files = (
			);
			runOnlyForDeploymentPostprocessing = 0;
		};
/* End PBXResourcesBuildPhase section */

/* Begin PBXSourcesBuildPhase section */
		2ADC0FB919F53F10000EABD1 /* Sources */ = {
			isa = PBXSourcesBuildPhase;
			buildActionMask = 2147483647;
			files = (
				2ADC0FC519F53F10000EABD1 /* ViewController.swift in Sources */,
				2ADC0FC319F53F10000EABD1 /* AppDelegate.swift in Sources */,
			);
			runOnlyForDeploymentPostprocessing = 0;
		};
		2ADC0FCE19F53F10000EABD1 /* Sources */ = {
			isa = PBXSourcesBuildPhase;
			buildActionMask = 2147483647;
			files = (
				2ADC0FD919F53F10000EABD1 /* PostCardTests.swift in Sources */,
			);
			runOnlyForDeploymentPostprocessing = 0;
		};
/* End PBXSourcesBuildPhase section */

/* Begin PBXTargetDependency section */
		2ADC0FD419F53F10000EABD1 /* PBXTargetDependency */ = {
			isa = PBXTargetDependency;
			target = 2ADC0FBC19F53F10000EABD1 /* PostCard */;
			targetProxy = 2ADC0FD319F53F10000EABD1 /* PBXContainerItemProxy */;
		};
/* End PBXTargetDependency section */

/* Begin PBXVariantGroup section */
		2ADC0FC619F53F10000EABD1 /* Main.storyboard */ = {
			isa = PBXVariantGroup;
			children = (
				2ADC0FC719F53F10000EABD1 /* Base */,
			);
			name = Main.storyboard;
			sourceTree = "<group>";
		};
		2ADC0FCB19F53F10000EABD1 /* LaunchScreen.xib */ = {
			isa = PBXVariantGroup;
			children = (
				2ADC0FCC19F53F10000EABD1 /* Base */,
			);
			name = LaunchScreen.xib;
			sourceTree = "<group>";
		};
/* End PBXVariantGroup section */

/* Begin XCBuildConfiguration section */
		2ADC0FDA19F53F11000EABD1 /* Debug */ = {
			isa = XCBuildConfiguration;
			buildSettings = {
				ALWAYS_SEARCH_USER_PATHS = NO;
				CLANG_CXX_LANGUAGE_STANDARD = "gnu++0x";
				CLANG_CXX_LIBRARY = "libc++";
				CLANG_ENABLE_MODULES = YES;
				CLANG_ENABLE_OBJC_ARC = YES;
				CLANG_WARN_BOOL_CONVERSION = YES;
				CLANG_WARN_CONSTANT_CONVERSION = YES;
				CLANG_WARN_DIRECT_OBJC_ISA_USAGE = YES_ERROR;
				CLANG_WARN_EMPTY_BODY = YES;
				CLANG_WARN_ENUM_CONVERSION = YES;
				CLANG_WARN_INT_CONVERSION = YES;
				CLANG_WARN_OBJC_ROOT_CLASS = YES_ERROR;
				CLANG_WARN_UNREACHABLE_CODE = YES;
				CLANG_WARN__DUPLICATE_METHOD_MATCH = YES;
				"CODE_SIGN_IDENTITY[sdk=iphoneos*]" = "iPhone Developer";
				COPY_PHASE_STRIP = NO;
				ENABLE_STRICT_OBJC_MSGSEND = YES;
				GCC_C_LANGUAGE_STANDARD = gnu99;
				GCC_DYNAMIC_NO_PIC = NO;
				GCC_OPTIMIZATION_LEVEL = 0;
				GCC_PREPROCESSOR_DEFINITIONS = (
					"DEBUG=1",
					"$(inherited)",
				);
				GCC_SYMBOLS_PRIVATE_EXTERN = NO;
				GCC_WARN_64_TO_32_BIT_CONVERSION = YES;
				GCC_WARN_ABOUT_RETURN_TYPE = YES_ERROR;
				GCC_WARN_UNDECLARED_SELECTOR = YES;
				GCC_WARN_UNINITIALIZED_AUTOS = YES_AGGRESSIVE;
				GCC_WARN_UNUSED_FUNCTION = YES;
				GCC_WARN_UNUSED_VARIABLE = YES;
				IPHONEOS_DEPLOYMENT_TARGET = 8.0;
				MTL_ENABLE_DEBUG_INFO = YES;
				ONLY_ACTIVE_ARCH = YES;
				SDKROOT = iphoneos;
				SWIFT_OPTIMIZATION_LEVEL = "-Onone";
				TARGETED_DEVICE_FAMILY = "1,2";
			};
			name = Debug;
		};
		2ADC0FDB19F53F11000EABD1 /* Release */ = {
			isa = XCBuildConfiguration;
			buildSettings = {
				ALWAYS_SEARCH_USER_PATHS = NO;
				CLANG_CXX_LANGUAGE_STANDARD = "gnu++0x";
				CLANG_CXX_LIBRARY = "libc++";
				CLANG_ENABLE_MODULES = YES;
				CLANG_ENABLE_OBJC_ARC = YES;
				CLANG_WARN_BOOL_CONVERSION = YES;
				CLANG_WARN_CONSTANT_CONVERSION = YES;
				CLANG_WARN_DIRECT_OBJC_ISA_USAGE = YES_ERROR;
				CLANG_WARN_EMPTY_BODY = YES;
				CLANG_WARN_ENUM_CONVERSION = YES;
				CLANG_WARN_INT_CONVERSION = YES;
				CLANG_WARN_OBJC_ROOT_CLASS = YES_ERROR;
				CLANG_WARN_UNREACHABLE_CODE = YES;
				CLANG_WARN__DUPLICATE_METHOD_MATCH = YES;
				"CODE_SIGN_IDENTITY[sdk=iphoneos*]" = "iPhone Developer";
				COPY_PHASE_STRIP = YES;
				ENABLE_NS_ASSERTIONS = NO;
				ENABLE_STRICT_OBJC_MSGSEND = YES;
				GCC_C_LANGUAGE_STANDARD = gnu99;
				GCC_WARN_64_TO_32_BIT_CONVERSION = YES;
				GCC_WARN_ABOUT_RETURN_TYPE = YES_ERROR;
				GCC_WARN_UNDECLARED_SELECTOR = YES;
				GCC_WARN_UNINITIALIZED_AUTOS = YES_AGGRESSIVE;
				GCC_WARN_UNUSED_FUNCTION = YES;
				GCC_WARN_UNUSED_VARIABLE = YES;
				IPHONEOS_DEPLOYMENT_TARGET = 8.0;
				MTL_ENABLE_DEBUG_INFO = NO;
				SDKROOT = iphoneos;
				TARGETED_DEVICE_FAMILY = "1,2";
				VALIDATE_PRODUCT = YES;
			};
			name = Release;
		};
		2ADC0FDD19F53F11000EABD1 /* Debug */ = {
			isa = XCBuildConfiguration;
			buildSettings = {
				ASSETCATALOG_COMPILER_APPICON_NAME = AppIcon;
				INFOPLIST_FILE = PostCard/Info.plist;
				LD_RUNPATH_SEARCH_PATHS = "$(inherited) @executable_path/Frameworks";
				PRODUCT_NAME = "$(TARGET_NAME)";
			};
			name = Debug;
		};
		2ADC0FDE19F53F11000EABD1 /* Release */ = {
			isa = XCBuildConfiguration;
			buildSettings = {
				ASSETCATALOG_COMPILER_APPICON_NAME = AppIcon;
				INFOPLIST_FILE = PostCard/Info.plist;
				LD_RUNPATH_SEARCH_PATHS = "$(inherited) @executable_path/Frameworks";
				PRODUCT_NAME = "$(TARGET_NAME)";
			};
			name = Release;
		};
		2ADC0FE019F53F11000EABD1 /* Debug */ = {
			isa = XCBuildConfiguration;
			buildSettings = {
				BUNDLE_LOADER = "$(TEST_HOST)";
				FRAMEWORK_SEARCH_PATHS = (
					"$(SDKROOT)/Developer/Library/Frameworks",
					"$(inherited)",
				);
				GCC_PREPROCESSOR_DEFINITIONS = (
					"DEBUG=1",
					"$(inherited)",
				);
				INFOPLIST_FILE = PostCardTests/Info.plist;
				LD_RUNPATH_SEARCH_PATHS = "$(inherited) @executable_path/Frameworks @loader_path/Frameworks";
				PRODUCT_NAME = "$(TARGET_NAME)";
				TEST_HOST = "$(BUILT_PRODUCTS_DIR)/PostCard.app/PostCard";
			};
			name = Debug;
		};
		2ADC0FE119F53F11000EABD1 /* Release */ = {
			isa = XCBuildConfiguration;
			buildSettings = {
				BUNDLE_LOADER = "$(TEST_HOST)";
				FRAMEWORK_SEARCH_PATHS = (
					"$(SDKROOT)/Developer/Library/Frameworks",
					"$(inherited)",
				);
				INFOPLIST_FILE = PostCardTests/Info.plist;
				LD_RUNPATH_SEARCH_PATHS = "$(inherited) @executable_path/Frameworks @loader_path/Frameworks";
				PRODUCT_NAME = "$(TARGET_NAME)";
				TEST_HOST = "$(BUILT_PRODUCTS_DIR)/PostCard.app/PostCard";
			};
			name = Release;
		};
/* End XCBuildConfiguration section */

/* Begin XCConfigurationList section */
		2ADC0FB819F53F10000EABD1 /* Build configuration list for PBXProject "PostCard" */ = {
			isa = XCConfigurationList;
			buildConfigurations = (
				2ADC0FDA19F53F11000EABD1 /* Debug */,
				2ADC0FDB19F53F11000EABD1 /* Release */,
			);
			defaultConfigurationIsVisible = 0;
			defaultConfigurationName = Release;
		};
		2ADC0FDC19F53F11000EABD1 /* Build configuration list for PBXNativeTarget "PostCard" */ = {
			isa = XCConfigurationList;
			buildConfigurations = (
				2ADC0FDD19F53F11000EABD1 /* Debug */,
				2ADC0FDE19F53F11000EABD1 /* Release */,
			);
			defaultConfigurationIsVisible = 0;
		};
		2ADC0FDF19F53F11000EABD1 /* Build configuration list for PBXNativeTarget "PostCardTests" */ = {
			isa = XCConfigurationList;
			buildConfigurations = (
				2ADC0FE019F53F11000EABD1 /* Debug */,
				2ADC0FE119F53F11000EABD1 /* Release */,
			);
			defaultConfigurationIsVisible = 0;
		};
/* End XCConfigurationList section */
	};
	rootObject = 2ADC0FB519F53F10000EABD1 /* Project object */;
}
